
Microsoft Visual Studio Solution File, Format Version 12.00
Project("{FAE04EC0-301F-11D3-BF4B-00C04F79EFBC}") = "2nd", "2nd.csproj", "{DFAD47A8-E455-40FC-8CEE-0E19AEFA118D}"
EndProject
Global
	GlobalSection(SolutionConfigurationPlatforms) = preSolution
		Debug|Any CPU = Debug|Any CPU
		Release|Any CPU = Release|Any CPU
	EndGlobalSection
	GlobalSection(ProjectConfigurationPlatforms) = postSolution
		{DFAD47A8-E455-40FC-8CEE-0E19AEFA118D}.Debug|Any CPU.ActiveCfg = Debug|Any CPU
		{DFAD47A8-E455-40FC-8CEE-0E19AEFA118D}.Debug|Any CPU.Build.0 = Debug|Any CPU
		{DFAD47A8-E455-40FC-8CEE-0E19AEFA118D}.Release|Any CPU.ActiveCfg = Release|Any CPU
		{DFAD47A8-E455-40FC-8CEE-0E19AEFA118D}.Release|Any CPU.Build.0 = Release|Any CPU
	EndGlobalSection
EndGlobal
